
Microsoft Visual Studio Solution File, Format Version 12.00
Project("{FAE04EC0-301F-11D3-BF4B-00C04F79EFBC}") = "28_FindTheIndexOfTheFirstOccurrenceInAString", "28_FindTheIndexOfTheFirstOccurrenceInAString\28_FindTheIndexOfTheFirstOccurrenceInAString.csproj", "{8F95DC43-CD7A-48C2-A581-C4DEB06ADC5E}"
EndProject
Project("{FAE04EC0-301F-11D3-BF4B-00C04F79EFBC}") = "58_LengthOfLastWord", "58_LengthOfLastWord\58_LengthOfLastWord.csproj", "{CEA97F52-68C9-4D7E-8444-663E908212E1}"
EndProject
Project("{FAE04EC0-301F-11D3-BF4B-00C04F79EFBC}") = "643_MaximumAverageSubarray", "643_MaximumAverageSubarray\643_MaximumAverageSubarray.csproj", "{0FE9235A-0F34-4DC2-8A81-B983E24394CC}"
EndProject
Project("{FAE04EC0-301F-11D3-BF4B-00C04F79EFBC}") = "3206_AlternatingGroups", "3206_AlternatingGroups\3206_AlternatingGroups.csproj", "{E0B7F5D4-5031-4883-AE44-B8AB1DE39B13}"
EndProject
Project("{FAE04EC0-301F-11D3-BF4B-00C04F79EFBC}") = "3258_CountSubstringsThatSatisfyK-Constraint", "3258_CountSubstringsThatSatisfyK-Constraint\3258_CountSubstringsThatSatisfyK-Constraint.csproj", "{2FD19073-C32D-4307-B9B6-117FADF10F20}"
EndProject
Project("{FAE04EC0-301F-11D3-BF4B-00C04F79EFBC}") = "3364_MinimumPositiveSumSubarray", "3364_MinimumPositiveSumSubarray \3364_MinimumPositiveSumSubarray.csproj", "{B8A7706B-B232-49DB-A9CF-E62CCCCA2F3D}"
EndProject
Project("{FAE04EC0-301F-11D3-BF4B-00C04F79EFBC}") = "141_LinkedListCycle", "141_LinkedListCycle\141_LinkedListCycle.csproj", "{F483CF33-429D-41CA-814C-ABB02DD5EF24}"
EndProject
Project("{FAE04EC0-301F-11D3-BF4B-00C04F79EFBC}") = "88_MergeSortedArray", "88_MergeSortedArray\88_MergeSortedArray.csproj", "{890886C6-AE94-4EA3-B96C-378CC5E62B08}"
EndProject
Project("{FAE04EC0-301F-11D3-BF4B-00C04F79EFBC}") = "QuickSort", "QuickSort\QuickSort.csproj", "{B2FBF446-1541-41A6-B94D-587ED8303F7B}"
EndProject
Global
	GlobalSection(SolutionConfigurationPlatforms) = preSolution
		Debug|Any CPU = Debug|Any CPU
		Release|Any CPU = Release|Any CPU
	EndGlobalSection
	GlobalSection(ProjectConfigurationPlatforms) = postSolution
		{8F95DC43-CD7A-48C2-A581-C4DEB06ADC5E}.Debug|Any CPU.ActiveCfg = Debug|Any CPU
		{8F95DC43-CD7A-48C2-A581-C4DEB06ADC5E}.Debug|Any CPU.Build.0 = Debug|Any CPU
		{8F95DC43-CD7A-48C2-A581-C4DEB06ADC5E}.Release|Any CPU.ActiveCfg = Release|Any CPU
		{8F95DC43-CD7A-48C2-A581-C4DEB06ADC5E}.Release|Any CPU.Build.0 = Release|Any CPU
		{CEA97F52-68C9-4D7E-8444-663E908212E1}.Debug|Any CPU.ActiveCfg = Debug|Any CPU
		{CEA97F52-68C9-4D7E-8444-663E908212E1}.Debug|Any CPU.Build.0 = Debug|Any CPU
		{CEA97F52-68C9-4D7E-8444-663E908212E1}.Release|Any CPU.ActiveCfg = Release|Any CPU
		{CEA97F52-68C9-4D7E-8444-663E908212E1}.Release|Any CPU.Build.0 = Release|Any CPU
		{0FE9235A-0F34-4DC2-8A81-B983E24394CC}.Debug|Any CPU.ActiveCfg = Debug|Any CPU
		{0FE9235A-0F34-4DC2-8A81-B983E24394CC}.Debug|Any CPU.Build.0 = Debug|Any CPU
		{0FE9235A-0F34-4DC2-8A81-B983E24394CC}.Release|Any CPU.ActiveCfg = Release|Any CPU
		{0FE9235A-0F34-4DC2-8A81-B983E24394CC}.Release|Any CPU.Build.0 = Release|Any CPU
		{E0B7F5D4-5031-4883-AE44-B8AB1DE39B13}.Debug|Any CPU.ActiveCfg = Debug|Any CPU
		{E0B7F5D4-5031-4883-AE44-B8AB1DE39B13}.Debug|Any CPU.Build.0 = Debug|Any CPU
		{E0B7F5D4-5031-4883-AE44-B8AB1DE39B13}.Release|Any CPU.ActiveCfg = Release|Any CPU
		{E0B7F5D4-5031-4883-AE44-B8AB1DE39B13}.Release|Any CPU.Build.0 = Release|Any CPU
		{2FD19073-C32D-4307-B9B6-117FADF10F20}.Debug|Any CPU.ActiveCfg = Debug|Any CPU
		{2FD19073-C32D-4307-B9B6-117FADF10F20}.Debug|Any CPU.Build.0 = Debug|Any CPU
		{2FD19073-C32D-4307-B9B6-117FADF10F20}.Release|Any CPU.ActiveCfg = Release|Any CPU
		{2FD19073-C32D-4307-B9B6-117FADF10F20}.Release|Any CPU.Build.0 = Release|Any CPU
		{B8A7706B-B232-49DB-A9CF-E62CCCCA2F3D}.Debug|Any CPU.ActiveCfg = Debug|Any CPU
		{B8A7706B-B232-49DB-A9CF-E62CCCCA2F3D}.Debug|Any CPU.Build.0 = Debug|Any CPU
		{B8A7706B-B232-49DB-A9CF-E62CCCCA2F3D}.Release|Any CPU.ActiveCfg = Release|Any CPU
		{B8A7706B-B232-49DB-A9CF-E62CCCCA2F3D}.Release|Any CPU.Build.0 = Release|Any CPU
		{F483CF33-429D-41CA-814C-ABB02DD5EF24}.Debug|Any CPU.ActiveCfg = Debug|Any CPU
		{F483CF33-429D-41CA-814C-ABB02DD5EF24}.Debug|Any CPU.Build.0 = Debug|Any CPU
		{F483CF33-429D-41CA-814C-ABB02DD5EF24}.Release|Any CPU.ActiveCfg = Release|Any CPU
		{F483CF33-429D-41CA-814C-ABB02DD5EF24}.Release|Any CPU.Build.0 = Release|Any CPU
		{890886C6-AE94-4EA3-B96C-378CC5E62B08}.Debug|Any CPU.ActiveCfg = Debug|Any CPU
		{890886C6-AE94-4EA3-B96C-378CC5E62B08}.Debug|Any CPU.Build.0 = Debug|Any CPU
		{890886C6-AE94-4EA3-B96C-378CC5E62B08}.Release|Any CPU.ActiveCfg = Release|Any CPU
		{890886C6-AE94-4EA3-B96C-378CC5E62B08}.Release|Any CPU.Build.0 = Release|Any CPU
		{B2FBF446-1541-41A6-B94D-587ED8303F7B}.Debug|Any CPU.ActiveCfg = Debug|Any CPU
		{B2FBF446-1541-41A6-B94D-587ED8303F7B}.Debug|Any CPU.Build.0 = Debug|Any CPU
		{B2FBF446-1541-41A6-B94D-587ED8303F7B}.Release|Any CPU.ActiveCfg = Release|Any CPU
		{B2FBF446-1541-41A6-B94D-587ED8303F7B}.Release|Any CPU.Build.0 = Release|Any CPU
	EndGlobalSection
EndGlobal
